# THIS IS AN AUTOGENERATED FILE. DO NOT EDIT THIS FILE DIRECTLY.
# yarn lockfile v1


"@types/node@^17.0.8":
  version "17.0.8"
  resolved "https://mirrors.tencent.com/npm/@types%2fnode/-/node-17.0.8.tgz#50d680c8a8a78fe30abe6906453b21ad8ab0ad7b"
  integrity sha512-YofkM6fGv4gDJq78g4j0mMuGMkZVxZDgtU0JRdx6FgiJDG+0fY0GKVolOV8WqVmEhLCXkQRjwDdKyPxJp/uucg==

"@types/webpack-env@^1.16.3":
  version "1.16.3"
  resolved "https://mirrors.cloud.tencent.com/npm/@types%2fwebpack-env/-/webpack-env-1.16.3.tgz#b776327a73e561b71e7881d0cd6d34a1424db86a"
  integrity sha512-9gtOPPkfyNoEqCQgx4qJKkuNm/x0R2hKR7fdl7zvTJyHnIisuE/LfvXOsYWL0o3qq6uiBnKZNNNzi3l0y/X+xw==

eventemitter3@^4.0.7:
  version "4.0.7"
  resolved "https://mirrors.tencent.com/npm/eventemitter3/-/eventemitter3-4.0.7.tgz#2de9b68f6528d5644ef5c59526a1b4a07306169f"
  integrity sha512-8guHBZCwKnFhYdHr2ysuRWErTwhoN2X8XELRlrRwpmfeY2jjuUN4taQMsULKUVo1K4DvZl+0pgfyoysHxvmvEw==

typescript@^4.5.4:
  version "4.5.4"
  resolved "https://mirrors.cloud.tencent.com/npm/typescript/-/typescript-4.5.4.tgz#a17d3a0263bf5c8723b9c52f43c5084edf13c2e8"
  integrity sha512-VgYs2A2QIRuGphtzFV7aQJduJ2gyfTljngLzjpfW9FoYZF6xuw1W0vW9ghCKLfcWrCFxK81CSGRAvS1pn4fIUg==
